
Microsoft Visual Studio Solution File, Format Version 12.00
# Visual Studio Version 17
VisualStudioVersion = 17.7.34221.43
MinimumVisualStudioVersion = 10.0.40219.1
Project("{FAE04EC0-301F-11D3-BF4B-00C04F79EFBC}") = "Proxy Checker by Lexfin1946", "Proxy Checker by Lexfin1946.csproj", "{6CFF25EA-B8A4-4133-81DF-90F205619B95}"
EndProject
Global
	GlobalSection(SolutionConfigurationPlatforms) = preSolution
		Debug|Any CPU = Debug|Any CPU
		Release|Any CPU = Release|Any CPU
	EndGlobalSection
	GlobalSection(ProjectConfigurationPlatforms) = postSolution
		{6CFF25EA-B8A4-4133-81DF-90F205619B95}.Debug|Any CPU.ActiveCfg = Debug|Any CPU
		{6CFF25EA-B8A4-4133-81DF-90F205619B95}.Debug|Any CPU.Build.0 = Debug|Any CPU
		{6CFF25EA-B8A4-4133-81DF-90F205619B95}.Release|Any CPU.ActiveCfg = Release|Any CPU
		{6CFF25EA-B8A4-4133-81DF-90F205619B95}.Release|Any CPU.Build.0 = Release|Any CPU
	EndGlobalSection
	GlobalSection(SolutionProperties) = preSolution
		HideSolutionNode = FALSE
	EndGlobalSection
	GlobalSection(ExtensibilityGlobals) = postSolution
		SolutionGuid = {C25F5DF1-0C28-43CA-97D8-592290BA6395}
	EndGlobalSection
EndGlobal
